
Microsoft Visual Studio Solution File, Format Version 12.00
# Visual Studio 14
VisualStudioVersion = 14.0.25123.0
MinimumVisualStudioVersion = 10.0.40219.1
Project("{FAE04EC0-301F-11D3-BF4B-00C04F79EFBC}") = "PowerfulTrainer.Droid", "PowerfulTrainer\PowerfulTrainer.Droid\PowerfulTrainer.Droid.csproj", "{C2A0C2CC-875E-4105-A9B6-195908D2C963}"
EndProject
Project("{FAE04EC0-301F-11D3-BF4B-00C04F79EFBC}") = "PowerfulTrainer.UWP", "PowerfulTrainer\PowerfulTrainer.UWP\PowerfulTrainer.UWP.csproj", "{51174297-DB79-4D4A-8BF5-CB3839E95EF7}"
EndProject
Project("{FAE04EC0-301F-11D3-BF4B-00C04F79EFBC}") = "PowerfulTrainer", "PowerfulTrainer\PowerfulTrainer\PowerfulTrainer.csproj", "{480EA528-CED8-4657-AA54-7A280D04DAFE}"
EndProject
Project("{2150E333-8FDC-42A3-9474-1A3956D46DE8}") = "Mobile", "Mobile", "{F2DFB6AC-9594-4F6D-9C4B-1CD56312F7D8}"
EndProject
Project("{2150E333-8FDC-42A3-9474-1A3956D46DE8}") = "Web", "Web", "{D62E44DD-F110-4512-9A6B-8CC76F7A7687}"
EndProject
Project("{FAE04EC0-301F-11D3-BF4B-00C04F79EFBC}") = "PowerfulTrainer.Web", "PowerfulTrainer\PowerfulTrainer.Web\PowerfulTrainer.Web.csproj", "{B85AABF8-9119-4BAF-868B-83F0F96EF815}"
EndProject
Project("{2150E333-8FDC-42A3-9474-1A3956D46DE8}") = "Background", "Background", "{2A3556E1-3E26-49C9-8BE5-CFEB0E8EC28A}"
EndProject
Project("{FAE04EC0-301F-11D3-BF4B-00C04F79EFBC}") = "PowerfulTrainer.UWP.BG", "PowerfulTrainer\PowerfulTrainer.UWP.BG\PowerfulTrainer.UWP.BG.csproj", "{C68539F7-0225-4F97-81F9-4722B5C34899}"
EndProject
Project("{FAE04EC0-301F-11D3-BF4B-00C04F79EFBC}") = "PowerfulTrainer.Background", "PowerfulTrainer\PowerfulTrainer.Background\PowerfulTrainer.Background.csproj", "{7AB02001-54FB-4177-9C45-E3D366D51644}"
EndProject
Global
	GlobalSection(SolutionConfigurationPlatforms) = preSolution
		Ad-Hoc|Any CPU = Ad-Hoc|Any CPU
		Ad-Hoc|ARM = Ad-Hoc|ARM
		Ad-Hoc|iPhone = Ad-Hoc|iPhone
		Ad-Hoc|iPhoneSimulator = Ad-Hoc|iPhoneSimulator
		Ad-Hoc|x64 = Ad-Hoc|x64
		Ad-Hoc|x86 = Ad-Hoc|x86
		AppStore|Any CPU = AppStore|Any CPU
		AppStore|ARM = AppStore|ARM
		AppStore|iPhone = AppStore|iPhone
		AppStore|iPhoneSimulator = AppStore|iPhoneSimulator
		AppStore|x64 = AppStore|x64
		AppStore|x86 = AppStore|x86
		Debug|Any CPU = Debug|Any CPU
		Debug|ARM = Debug|ARM
		Debug|iPhone = Debug|iPhone
		Debug|iPhoneSimulator = Debug|iPhoneSimulator
		Debug|x64 = Debug|x64
		Debug|x86 = Debug|x86
		Release|Any CPU = Release|Any CPU
		Release|ARM = Release|ARM
		Release|iPhone = Release|iPhone
		Release|iPhoneSimulator = Release|iPhoneSimulator
		Release|x64 = Release|x64
		Release|x86 = Release|x86
	EndGlobalSection
	GlobalSection(ProjectConfigurationPlatforms) = postSolution
		{C2A0C2CC-875E-4105-A9B6-195908D2C963}.Ad-Hoc|Any CPU.ActiveCfg = Release|Any CPU
		{C2A0C2CC-875E-4105-A9B6-195908D2C963}.Ad-Hoc|Any CPU.Build.0 = Release|Any CPU
		{C2A0C2CC-875E-4105-A9B6-195908D2C963}.Ad-Hoc|Any CPU.Deploy.0 = Release|Any CPU
		{C2A0C2CC-875E-4105-A9B6-195908D2C963}.Ad-Hoc|ARM.ActiveCfg = Release|Any CPU
		{C2A0C2CC-875E-4105-A9B6-195908D2C963}.Ad-Hoc|ARM.Build.0 = Release|Any CPU
		{C2A0C2CC-875E-4105-A9B6-195908D2C963}.Ad-Hoc|ARM.Deploy.0 = Release|Any CPU
		{C2A0C2CC-875E-4105-A9B6-195908D2C963}.Ad-Hoc|iPhone.ActiveCfg = Release|Any CPU
		{C2A0C2CC-875E-4105-A9B6-195908D2C963}.Ad-Hoc|iPhone.Build.0 = Release|Any CPU
		{C2A0C2CC-875E-4105-A9B6-195908D2C963}.Ad-Hoc|iPhone.Deploy.0 = Release|Any CPU
		{C2A0C2CC-875E-4105-A9B6-195908D2C963}.Ad-Hoc|iPhoneSimulator.ActiveCfg = Release|Any CPU
		{C2A0C2CC-875E-4105-A9B6-195908D2C963}.Ad-Hoc|iPhoneSimulator.Build.0 = Release|Any CPU
		{C2A0C2CC-875E-4105-A9B6-195908D2C963}.Ad-Hoc|iPhoneSimulator.Deploy.0 = Release|Any CPU
		{C2A0C2CC-875E-4105-A9B6-195908D2C963}.Ad-Hoc|x64.ActiveCfg = Release|Any CPU
		{C2A0C2CC-875E-4105-A9B6-195908D2C963}.Ad-Hoc|x64.Build.0 = Release|Any CPU
		{C2A0C2CC-875E-4105-A9B6-195908D2C963}.Ad-Hoc|x64.Deploy.0 = Release|Any CPU
		{C2A0C2CC-875E-4105-A9B6-195908D2C963}.Ad-Hoc|x86.ActiveCfg = Release|Any CPU
		{C2A0C2CC-875E-4105-A9B6-195908D2C963}.Ad-Hoc|x86.Build.0 = Release|Any CPU
		{C2A0C2CC-875E-4105-A9B6-195908D2C963}.Ad-Hoc|x86.Deploy.0 = Release|Any CPU
		{C2A0C2CC-875E-4105-A9B6-195908D2C963}.AppStore|Any CPU.ActiveCfg = Release|Any CPU
		{C2A0C2CC-875E-4105-A9B6-195908D2C963}.AppStore|Any CPU.Build.0 = Release|Any CPU
		{C2A0C2CC-875E-4105-A9B6-195908D2C963}.AppStore|Any CPU.Deploy.0 = Release|Any CPU
		{C2A0C2CC-875E-4105-A9B6-195908D2C963}.AppStore|ARM.ActiveCfg = Release|Any CPU
		{C2A0C2CC-875E-4105-A9B6-195908D2C963}.AppStore|ARM.Build.0 = Release|Any CPU
		{C2A0C2CC-875E-4105-A9B6-195908D2C963}.AppStore|ARM.Deploy.0 = Release|Any CPU
		{C2A0C2CC-875E-4105-A9B6-195908D2C963}.AppStore|iPhone.ActiveCfg = Release|Any CPU
		{C2A0C2CC-875E-4105-A9B6-195908D2C963}.AppStore|iPhone.Build.0 = Release|Any CPU
		{C2A0C2CC-875E-4105-A9B6-195908D2C963}.AppStore|iPhone.Deploy.0 = Release|Any CPU
		{C2A0C2CC-875E-4105-A9B6-195908D2C963}.AppStore|iPhoneSimulator.ActiveCfg = Release|Any CPU
		{C2A0C2CC-875E-4105-A9B6-195908D2C963}.AppStore|iPhoneSimulator.Build.0 = Release|Any CPU
		{C2A0C2CC-875E-4105-A9B6-195908D2C963}.AppStore|iPhoneSimulator.Deploy.0 = Release|Any CPU
		{C2A0C2CC-875E-4105-A9B6-195908D2C963}.AppStore|x64.ActiveCfg = Release|Any CPU
		{C2A0C2CC-875E-4105-A9B6-195908D2C963}.AppStore|x64.Build.0 = Release|Any CPU
		{C2A0C2CC-875E-4105-A9B6-195908D2C963}.AppStore|x64.Deploy.0 = Release|Any CPU
		{C2A0C2CC-875E-4105-A9B6-195908D2C963}.AppStore|x86.ActiveCfg = Release|Any CPU
		{C2A0C2CC-875E-4105-A9B6-195908D2C963}.AppStore|x86.Build.0 = Release|Any CPU
		{C2A0C2CC-875E-4105-A9B6-195908D2C963}.AppStore|x86.Deploy.0 = Release|Any CPU
		{C2A0C2CC-875E-4105-A9B6-195908D2C963}.Debug|Any CPU.ActiveCfg = Debug|Any CPU
		{C2A0C2CC-875E-4105-A9B6-195908D2C963}.Debug|Any CPU.Build.0 = Debug|Any CPU
		{C2A0C2CC-875E-4105-A9B6-195908D2C963}.Debug|Any CPU.Deploy.0 = Debug|Any CPU
		{C2A0C2CC-875E-4105-A9B6-195908D2C963}.Debug|ARM.ActiveCfg = Debug|Any CPU
		{C2A0C2CC-875E-4105-A9B6-195908D2C963}.Debug|ARM.Build.0 = Debug|Any CPU
		{C2A0C2CC-875E-4105-A9B6-195908D2C963}.Debug|ARM.Deploy.0 = Debug|Any CPU
		{C2A0C2CC-875E-4105-A9B6-195908D2C963}.Debug|iPhone.ActiveCfg = Debug|Any CPU
		{C2A0C2CC-875E-4105-A9B6-195908D2C963}.Debug|iPhone.Build.0 = Debug|Any CPU
		{C2A0C2CC-875E-4105-A9B6-195908D2C963}.Debug|iPhone.Deploy.0 = Debug|Any CPU
		{C2A0C2CC-875E-4105-A9B6-195908D2C963}.Debug|iPhoneSimulator.ActiveCfg = Debug|Any CPU
		{C2A0C2CC-875E-4105-A9B6-195908D2C963}.Debug|iPhoneSimulator.Build.0 = Debug|Any CPU
		{C2A0C2CC-875E-4105-A9B6-195908D2C963}.Debug|iPhoneSimulator.Deploy.0 = Debug|Any CPU
		{C2A0C2CC-875E-4105-A9B6-195908D2C963}.Debug|x64.ActiveCfg = Debug|Any CPU
		{C2A0C2CC-875E-4105-A9B6-195908D2C963}.Debug|x64.Build.0 = Debug|Any CPU
		{C2A0C2CC-875E-4105-A9B6-195908D2C963}.Debug|x64.Deploy.0 = Debug|Any CPU
		{C2A0C2CC-875E-4105-A9B6-195908D2C963}.Debug|x86.ActiveCfg = Debug|Any CPU
		{C2A0C2CC-875E-4105-A9B6-195908D2C963}.Debug|x86.Build.0 = Debug|Any CPU
		{C2A0C2CC-875E-4105-A9B6-195908D2C963}.Debug|x86.Deploy.0 = Debug|Any CPU
		{C2A0C2CC-875E-4105-A9B6-195908D2C963}.Release|Any CPU.ActiveCfg = Release|Any CPU
		{C2A0C2CC-875E-4105-A9B6-195908D2C963}.Release|Any CPU.Build.0 = Release|Any CPU
		{C2A0C2CC-875E-4105-A9B6-195908D2C963}.Release|Any CPU.Deploy.0 = Release|Any CPU
		{C2A0C2CC-875E-4105-A9B6-195908D2C963}.Release|ARM.ActiveCfg = Release|Any CPU
		{C2A0C2CC-875E-4105-A9B6-195908D2C963}.Release|ARM.Build.0 = Release|Any CPU
		{C2A0C2CC-875E-4105-A9B6-195908D2C963}.Release|ARM.Deploy.0 = Release|Any CPU
		{C2A0C2CC-875E-4105-A9B6-195908D2C963}.Release|iPhone.ActiveCfg = Release|Any CPU
		{C2A0C2CC-875E-4105-A9B6-195908D2C963}.Release|iPhone.Build.0 = Release|Any CPU
		{C2A0C2CC-875E-4105-A9B6-195908D2C963}.Release|iPhone.Deploy.0 = Release|Any CPU
		{C2A0C2CC-875E-4105-A9B6-195908D2C963}.Release|iPhoneSimulator.ActiveCfg = Release|Any CPU
		{C2A0C2CC-875E-4105-A9B6-195908D2C963}.Release|iPhoneSimulator.Build.0 = Release|Any CPU
		{C2A0C2CC-875E-4105-A9B6-195908D2C963}.Release|iPhoneSimulator.Deploy.0 = Release|Any CPU
		{C2A0C2CC-875E-4105-A9B6-195908D2C963}.Release|x64.ActiveCfg = Release|Any CPU
		{C2A0C2CC-875E-4105-A9B6-195908D2C963}.Release|x64.Build.0 = Release|Any CPU
		{C2A0C2CC-875E-4105-A9B6-195908D2C963}.Release|x64.Deploy.0 = Release|Any CPU
		{C2A0C2CC-875E-4105-A9B6-195908D2C963}.Release|x86.ActiveCfg = Release|Any CPU
		{C2A0C2CC-875E-4105-A9B6-195908D2C963}.Release|x86.Build.0 = Release|Any CPU
		{C2A0C2CC-875E-4105-A9B6-195908D2C963}.Release|x86.Deploy.0 = Release|Any CPU
		{51174297-DB79-4D4A-8BF5-CB3839E95EF7}.Ad-Hoc|Any CPU.ActiveCfg = Release|x86
		{51174297-DB79-4D4A-8BF5-CB3839E95EF7}.Ad-Hoc|Any CPU.Build.0 = Release|x86
		{51174297-DB79-4D4A-8BF5-CB3839E95EF7}.Ad-Hoc|Any CPU.Deploy.0 = Release|x86
		{51174297-DB79-4D4A-8BF5-CB3839E95EF7}.Ad-Hoc|ARM.ActiveCfg = Release|ARM
		{51174297-DB79-4D4A-8BF5-CB3839E95EF7}.Ad-Hoc|ARM.Build.0 = Release|ARM
		{51174297-DB79-4D4A-8BF5-CB3839E95EF7}.Ad-Hoc|ARM.Deploy.0 = Release|ARM
		{51174297-DB79-4D4A-8BF5-CB3839E95EF7}.Ad-Hoc|iPhone.ActiveCfg = Release|x86
		{51174297-DB79-4D4A-8BF5-CB3839E95EF7}.Ad-Hoc|iPhone.Build.0 = Release|x86
		{51174297-DB79-4D4A-8BF5-CB3839E95EF7}.Ad-Hoc|iPhone.Deploy.0 = Release|x86
		{51174297-DB79-4D4A-8BF5-CB3839E95EF7}.Ad-Hoc|iPhoneSimulator.ActiveCfg = Release|x86
		{51174297-DB79-4D4A-8BF5-CB3839E95EF7}.Ad-Hoc|iPhoneSimulator.Build.0 = Release|x86
		{51174297-DB79-4D4A-8BF5-CB3839E95EF7}.Ad-Hoc|iPhoneSimulator.Deploy.0 = Release|x86
		{51174297-DB79-4D4A-8BF5-CB3839E95EF7}.Ad-Hoc|x64.ActiveCfg = Release|x64
		{51174297-DB79-4D4A-8BF5-CB3839E95EF7}.Ad-Hoc|x64.Build.0 = Release|x64
		{51174297-DB79-4D4A-8BF5-CB3839E95EF7}.Ad-Hoc|x64.Deploy.0 = Release|x64
		{51174297-DB79-4D4A-8BF5-CB3839E95EF7}.Ad-Hoc|x86.ActiveCfg = Release|x86
		{51174297-DB79-4D4A-8BF5-CB3839E95EF7}.Ad-Hoc|x86.Build.0 = Release|x86
		{51174297-DB79-4D4A-8BF5-CB3839E95EF7}.Ad-Hoc|x86.Deploy.0 = Release|x86
		{51174297-DB79-4D4A-8BF5-CB3839E95EF7}.AppStore|Any CPU.ActiveCfg = Release|x86
		{51174297-DB79-4D4A-8BF5-CB3839E95EF7}.AppStore|Any CPU.Build.0 = Release|x86
		{51174297-DB79-4D4A-8BF5-CB3839E95EF7}.AppStore|Any CPU.Deploy.0 = Release|x86
		{51174297-DB79-4D4A-8BF5-CB3839E95EF7}.AppStore|ARM.ActiveCfg = Release|ARM
		{51174297-DB79-4D4A-8BF5-CB3839E95EF7}.AppStore|ARM.Build.0 = Release|ARM
		{51174297-DB79-4D4A-8BF5-CB3839E95EF7}.AppStore|ARM.Deploy.0 = Release|ARM
		{51174297-DB79-4D4A-8BF5-CB3839E95EF7}.AppStore|iPhone.ActiveCfg = Release|x86
		{51174297-DB79-4D4A-8BF5-CB3839E95EF7}.AppStore|iPhone.Build.0 = Release|x86
		{51174297-DB79-4D4A-8BF5-CB3839E95EF7}.AppStore|iPhone.Deploy.0 = Release|x86
		{51174297-DB79-4D4A-8BF5-CB3839E95EF7}.AppStore|iPhoneSimulator.ActiveCfg = Release|x86
		{51174297-DB79-4D4A-8BF5-CB3839E95EF7}.AppStore|iPhoneSimulator.Build.0 = Release|x86
		{51174297-DB79-4D4A-8BF5-CB3839E95EF7}.AppStore|iPhoneSimulator.Deploy.0 = Release|x86
		{51174297-DB79-4D4A-8BF5-CB3839E95EF7}.AppStore|x64.ActiveCfg = Release|x64
		{51174297-DB79-4D4A-8BF5-CB3839E95EF7}.AppStore|x64.Build.0 = Release|x64
		{51174297-DB79-4D4A-8BF5-CB3839E95EF7}.AppStore|x64.Deploy.0 = Release|x64
		{51174297-DB79-4D4A-8BF5-CB3839E95EF7}.AppStore|x86.ActiveCfg = Release|x86
		{51174297-DB79-4D4A-8BF5-CB3839E95EF7}.AppStore|x86.Build.0 = Release|x86
		{51174297-DB79-4D4A-8BF5-CB3839E95EF7}.AppStore|x86.Deploy.0 = Release|x86
		{51174297-DB79-4D4A-8BF5-CB3839E95EF7}.Debug|Any CPU.ActiveCfg = Debug|x86
		{51174297-DB79-4D4A-8BF5-CB3839E95EF7}.Debug|ARM.ActiveCfg = Debug|ARM
		{51174297-DB79-4D4A-8BF5-CB3839E95EF7}.Debug|ARM.Build.0 = Debug|ARM
		{51174297-DB79-4D4A-8BF5-CB3839E95EF7}.Debug|ARM.Deploy.0 = Debug|ARM
		{51174297-DB79-4D4A-8BF5-CB3839E95EF7}.Debug|iPhone.ActiveCfg = Debug|x86
		{51174297-DB79-4D4A-8BF5-CB3839E95EF7}.Debug|iPhoneSimulator.ActiveCfg = Debug|x86
		{51174297-DB79-4D4A-8BF5-CB3839E95EF7}.Debug|x64.ActiveCfg = Debug|x64
		{51174297-DB79-4D4A-8BF5-CB3839E95EF7}.Debug|x64.Build.0 = Debug|x64
		{51174297-DB79-4D4A-8BF5-CB3839E95EF7}.Debug|x64.Deploy.0 = Debug|x64
		{51174297-DB79-4D4A-8BF5-CB3839E95EF7}.Debug|x86.ActiveCfg = Debug|x86
		{51174297-DB79-4D4A-8BF5-CB3839E95EF7}.Debug|x86.Build.0 = Debug|x86
		{51174297-DB79-4D4A-8BF5-CB3839E95EF7}.Debug|x86.Deploy.0 = Debug|x86
		{51174297-DB79-4D4A-8BF5-CB3839E95EF7}.Release|Any CPU.ActiveCfg = Release|x86
		{51174297-DB79-4D4A-8BF5-CB3839E95EF7}.Release|ARM.ActiveCfg = Release|ARM
		{51174297-DB79-4D4A-8BF5-CB3839E95EF7}.Release|ARM.Build.0 = Release|ARM
		{51174297-DB79-4D4A-8BF5-CB3839E95EF7}.Release|ARM.Deploy.0 = Release|ARM
		{51174297-DB79-4D4A-8BF5-CB3839E95EF7}.Release|iPhone.ActiveCfg = Release|x86
		{51174297-DB79-4D4A-8BF5-CB3839E95EF7}.Release|iPhoneSimulator.ActiveCfg = Release|x86
		{51174297-DB79-4D4A-8BF5-CB3839E95EF7}.Release|x64.ActiveCfg = Release|x64
		{51174297-DB79-4D4A-8BF5-CB3839E95EF7}.Release|x64.Build.0 = Release|x64
		{51174297-DB79-4D4A-8BF5-CB3839E95EF7}.Release|x64.Deploy.0 = Release|x64
		{51174297-DB79-4D4A-8BF5-CB3839E95EF7}.Release|x86.ActiveCfg = Release|x86
		{51174297-DB79-4D4A-8BF5-CB3839E95EF7}.Release|x86.Build.0 = Release|x86
		{51174297-DB79-4D4A-8BF5-CB3839E95EF7}.Release|x86.Deploy.0 = Release|x86
		{480EA528-CED8-4657-AA54-7A280D04DAFE}.Ad-Hoc|Any CPU.ActiveCfg = Release|Any CPU
		{480EA528-CED8-4657-AA54-7A280D04DAFE}.Ad-Hoc|Any CPU.Build.0 = Release|Any CPU
		{480EA528-CED8-4657-AA54-7A280D04DAFE}.Ad-Hoc|ARM.ActiveCfg = Release|Any CPU
		{480EA528-CED8-4657-AA54-7A280D04DAFE}.Ad-Hoc|ARM.Build.0 = Release|Any CPU
		{480EA528-CED8-4657-AA54-7A280D04DAFE}.Ad-Hoc|iPhone.ActiveCfg = Release|Any CPU
		{480EA528-CED8-4657-AA54-7A280D04DAFE}.Ad-Hoc|iPhone.Build.0 = Release|Any CPU
		{480EA528-CED8-4657-AA54-7A280D04DAFE}.Ad-Hoc|iPhoneSimulator.ActiveCfg = Release|Any CPU
		{480EA528-CED8-4657-AA54-7A280D04DAFE}.Ad-Hoc|iPhoneSimulator.Build.0 = Release|Any CPU
		{480EA528-CED8-4657-AA54-7A280D04DAFE}.Ad-Hoc|x64.ActiveCfg = Release|Any CPU
		{480EA528-CED8-4657-AA54-7A280D04DAFE}.Ad-Hoc|x64.Build.0 = Release|Any CPU
		{480EA528-CED8-4657-AA54-7A280D04DAFE}.Ad-Hoc|x86.ActiveCfg = Release|Any CPU
		{480EA528-CED8-4657-AA54-7A280D04DAFE}.Ad-Hoc|x86.Build.0 = Release|Any CPU
		{480EA528-CED8-4657-AA54-7A280D04DAFE}.AppStore|Any CPU.ActiveCfg = Release|Any CPU
		{480EA528-CED8-4657-AA54-7A280D04DAFE}.AppStore|Any CPU.Build.0 = Release|Any CPU
		{480EA528-CED8-4657-AA54-7A280D04DAFE}.AppStore|ARM.ActiveCfg = Release|Any CPU
		{480EA528-CED8-4657-AA54-7A280D04DAFE}.AppStore|ARM.Build.0 = Release|Any CPU
		{480EA528-CED8-4657-AA54-7A280D04DAFE}.AppStore|iPhone.ActiveCfg = Release|Any CPU
		{480EA528-CED8-4657-AA54-7A280D04DAFE}.AppStore|iPhone.Build.0 = Release|Any CPU
		{480EA528-CED8-4657-AA54-7A280D04DAFE}.AppStore|iPhoneSimulator.ActiveCfg = Release|Any CPU
		{480EA528-CED8-4657-AA54-7A280D04DAFE}.AppStore|iPhoneSimulator.Build.0 = Release|Any CPU
		{480EA528-CED8-4657-AA54-7A280D04DAFE}.AppStore|x64.ActiveCfg = Release|Any CPU
		{480EA528-CED8-4657-AA54-7A280D04DAFE}.AppStore|x64.Build.0 = Release|Any CPU
		{480EA528-CED8-4657-AA54-7A280D04DAFE}.AppStore|x86.ActiveCfg = Release|Any CPU
		{480EA528-CED8-4657-AA54-7A280D04DAFE}.AppStore|x86.Build.0 = Release|Any CPU
		{480EA528-CED8-4657-AA54-7A280D04DAFE}.Debug|Any CPU.ActiveCfg = Debug|Any CPU
		{480EA528-CED8-4657-AA54-7A280D04DAFE}.Debug|Any CPU.Build.0 = Debug|Any CPU
		{480EA528-CED8-4657-AA54-7A280D04DAFE}.Debug|ARM.ActiveCfg = Debug|Any CPU
		{480EA528-CED8-4657-AA54-7A280D04DAFE}.Debug|ARM.Build.0 = Debug|Any CPU
		{480EA528-CED8-4657-AA54-7A280D04DAFE}.Debug|iPhone.ActiveCfg = Debug|Any CPU
		{480EA528-CED8-4657-AA54-7A280D04DAFE}.Debug|iPhone.Build.0 = Debug|Any CPU
		{480EA528-CED8-4657-AA54-7A280D04DAFE}.Debug|iPhoneSimulator.ActiveCfg = Debug|Any CPU
		{480EA528-CED8-4657-AA54-7A280D04DAFE}.Debug|iPhoneSimulator.Build.0 = Debug|Any CPU
		{480EA528-CED8-4657-AA54-7A280D04DAFE}.Debug|x64.ActiveCfg = Debug|Any CPU
		{480EA528-CED8-4657-AA54-7A280D04DAFE}.Debug|x64.Build.0 = Debug|Any CPU
		{480EA528-CED8-4657-AA54-7A280D04DAFE}.Debug|x86.ActiveCfg = Debug|Any CPU
		{480EA528-CED8-4657-AA54-7A280D04DAFE}.Debug|x86.Build.0 = Debug|Any CPU
		{480EA528-CED8-4657-AA54-7A280D04DAFE}.Release|Any CPU.ActiveCfg = Release|Any CPU
		{480EA528-CED8-4657-AA54-7A280D04DAFE}.Release|Any CPU.Build.0 = Release|Any CPU
		{480EA528-CED8-4657-AA54-7A280D04DAFE}.Release|ARM.ActiveCfg = Release|Any CPU
		{480EA528-CED8-4657-AA54-7A280D04DAFE}.Release|ARM.Build.0 = Release|Any CPU
		{480EA528-CED8-4657-AA54-7A280D04DAFE}.Release|iPhone.ActiveCfg = Release|Any CPU
		{480EA528-CED8-4657-AA54-7A280D04DAFE}.Release|iPhone.Build.0 = Release|Any CPU
		{480EA528-CED8-4657-AA54-7A280D04DAFE}.Release|iPhoneSimulator.ActiveCfg = Release|Any CPU
		{480EA528-CED8-4657-AA54-7A280D04DAFE}.Release|iPhoneSimulator.Build.0 = Release|Any CPU
		{480EA528-CED8-4657-AA54-7A280D04DAFE}.Release|x64.ActiveCfg = Release|Any CPU
		{480EA528-CED8-4657-AA54-7A280D04DAFE}.Release|x64.Build.0 = Release|Any CPU
		{480EA528-CED8-4657-AA54-7A280D04DAFE}.Release|x86.ActiveCfg = Release|Any CPU
		{480EA528-CED8-4657-AA54-7A280D04DAFE}.Release|x86.Build.0 = Release|Any CPU
		{B85AABF8-9119-4BAF-868B-83F0F96EF815}.Ad-Hoc|Any CPU.ActiveCfg = Release|Any CPU
		{B85AABF8-9119-4BAF-868B-83F0F96EF815}.Ad-Hoc|Any CPU.Build.0 = Release|Any CPU
		{B85AABF8-9119-4BAF-868B-83F0F96EF815}.Ad-Hoc|ARM.ActiveCfg = Release|Any CPU
		{B85AABF8-9119-4BAF-868B-83F0F96EF815}.Ad-Hoc|ARM.Build.0 = Release|Any CPU
		{B85AABF8-9119-4BAF-868B-83F0F96EF815}.Ad-Hoc|iPhone.ActiveCfg = Release|Any CPU
		{B85AABF8-9119-4BAF-868B-83F0F96EF815}.Ad-Hoc|iPhone.Build.0 = Release|Any CPU
		{B85AABF8-9119-4BAF-868B-83F0F96EF815}.Ad-Hoc|iPhoneSimulator.ActiveCfg = Release|Any CPU
		{B85AABF8-9119-4BAF-868B-83F0F96EF815}.Ad-Hoc|iPhoneSimulator.Build.0 = Release|Any CPU
		{B85AABF8-9119-4BAF-868B-83F0F96EF815}.Ad-Hoc|x64.ActiveCfg = Release|Any CPU
		{B85AABF8-9119-4BAF-868B-83F0F96EF815}.Ad-Hoc|x64.Build.0 = Release|Any CPU
		{B85AABF8-9119-4BAF-868B-83F0F96EF815}.Ad-Hoc|x86.ActiveCfg = Release|Any CPU
		{B85AABF8-9119-4BAF-868B-83F0F96EF815}.Ad-Hoc|x86.Build.0 = Release|Any CPU
		{B85AABF8-9119-4BAF-868B-83F0F96EF815}.AppStore|Any CPU.ActiveCfg = Release|Any CPU
		{B85AABF8-9119-4BAF-868B-83F0F96EF815}.AppStore|Any CPU.Build.0 = Release|Any CPU
		{B85AABF8-9119-4BAF-868B-83F0F96EF815}.AppStore|ARM.ActiveCfg = Release|Any CPU
		{B85AABF8-9119-4BAF-868B-83F0F96EF815}.AppStore|ARM.Build.0 = Release|Any CPU
		{B85AABF8-9119-4BAF-868B-83F0F96EF815}.AppStore|iPhone.ActiveCfg = Release|Any CPU
		{B85AABF8-9119-4BAF-868B-83F0F96EF815}.AppStore|iPhone.Build.0 = Release|Any CPU
		{B85AABF8-9119-4BAF-868B-83F0F96EF815}.AppStore|iPhoneSimulator.ActiveCfg = Release|Any CPU
		{B85AABF8-9119-4BAF-868B-83F0F96EF815}.AppStore|iPhoneSimulator.Build.0 = Release|Any CPU
		{B85AABF8-9119-4BAF-868B-83F0F96EF815}.AppStore|x64.ActiveCfg = Release|Any CPU
		{B85AABF8-9119-4BAF-868B-83F0F96EF815}.AppStore|x64.Build.0 = Release|Any CPU
		{B85AABF8-9119-4BAF-868B-83F0F96EF815}.AppStore|x86.ActiveCfg = Release|Any CPU
		{B85AABF8-9119-4BAF-868B-83F0F96EF815}.AppStore|x86.Build.0 = Release|Any CPU
		{B85AABF8-9119-4BAF-868B-83F0F96EF815}.Debug|Any CPU.ActiveCfg = Debug|Any CPU
		{B85AABF8-9119-4BAF-868B-83F0F96EF815}.Debug|Any CPU.Build.0 = Debug|Any CPU
		{B85AABF8-9119-4BAF-868B-83F0F96EF815}.Debug|ARM.ActiveCfg = Debug|Any CPU
		{B85AABF8-9119-4BAF-868B-83F0F96EF815}.Debug|ARM.Build.0 = Debug|Any CPU
		{B85AABF8-9119-4BAF-868B-83F0F96EF815}.Debug|iPhone.ActiveCfg = Debug|Any CPU
		{B85AABF8-9119-4BAF-868B-83F0F96EF815}.Debug|iPhone.Build.0 = Debug|Any CPU
		{B85AABF8-9119-4BAF-868B-83F0F96EF815}.Debug|iPhoneSimulator.ActiveCfg = Debug|Any CPU
		{B85AABF8-9119-4BAF-868B-83F0F96EF815}.Debug|iPhoneSimulator.Build.0 = Debug|Any CPU
		{B85AABF8-9119-4BAF-868B-83F0F96EF815}.Debug|x64.ActiveCfg = Debug|Any CPU
		{B85AABF8-9119-4BAF-868B-83F0F96EF815}.Debug|x64.Build.0 = Debug|Any CPU
		{B85AABF8-9119-4BAF-868B-83F0F96EF815}.Debug|x86.ActiveCfg = Debug|Any CPU
		{B85AABF8-9119-4BAF-868B-83F0F96EF815}.Debug|x86.Build.0 = Debug|Any CPU
		{B85AABF8-9119-4BAF-868B-83F0F96EF815}.Release|Any CPU.ActiveCfg = Release|Any CPU
		{B85AABF8-9119-4BAF-868B-83F0F96EF815}.Release|Any CPU.Build.0 = Release|Any CPU
		{B85AABF8-9119-4BAF-868B-83F0F96EF815}.Release|ARM.ActiveCfg = Release|Any CPU
		{B85AABF8-9119-4BAF-868B-83F0F96EF815}.Release|ARM.Build.0 = Release|Any CPU
		{B85AABF8-9119-4BAF-868B-83F0F96EF815}.Release|iPhone.ActiveCfg = Release|Any CPU
		{B85AABF8-9119-4BAF-868B-83F0F96EF815}.Release|iPhone.Build.0 = Release|Any CPU
		{B85AABF8-9119-4BAF-868B-83F0F96EF815}.Release|iPhoneSimulator.ActiveCfg = Release|Any CPU
		{B85AABF8-9119-4BAF-868B-83F0F96EF815}.Release|iPhoneSimulator.Build.0 = Release|Any CPU
		{B85AABF8-9119-4BAF-868B-83F0F96EF815}.Release|x64.ActiveCfg = Release|Any CPU
		{B85AABF8-9119-4BAF-868B-83F0F96EF815}.Release|x64.Build.0 = Release|Any CPU
		{B85AABF8-9119-4BAF-868B-83F0F96EF815}.Release|x86.ActiveCfg = Release|Any CPU
		{B85AABF8-9119-4BAF-868B-83F0F96EF815}.Release|x86.Build.0 = Release|Any CPU
		{C68539F7-0225-4F97-81F9-4722B5C34899}.Ad-Hoc|Any CPU.ActiveCfg = Release|Any CPU
		{C68539F7-0225-4F97-81F9-4722B5C34899}.Ad-Hoc|Any CPU.Build.0 = Release|Any CPU
		{C68539F7-0225-4F97-81F9-4722B5C34899}.Ad-Hoc|ARM.ActiveCfg = Release|ARM
		{C68539F7-0225-4F97-81F9-4722B5C34899}.Ad-Hoc|ARM.Build.0 = Release|ARM
		{C68539F7-0225-4F97-81F9-4722B5C34899}.Ad-Hoc|iPhone.ActiveCfg = Release|Any CPU
		{C68539F7-0225-4F97-81F9-4722B5C34899}.Ad-Hoc|iPhone.Build.0 = Release|Any CPU
		{C68539F7-0225-4F97-81F9-4722B5C34899}.Ad-Hoc|iPhoneSimulator.ActiveCfg = Release|Any CPU
		{C68539F7-0225-4F97-81F9-4722B5C34899}.Ad-Hoc|iPhoneSimulator.Build.0 = Release|Any CPU
		{C68539F7-0225-4F97-81F9-4722B5C34899}.Ad-Hoc|x64.ActiveCfg = Release|x64
		{C68539F7-0225-4F97-81F9-4722B5C34899}.Ad-Hoc|x64.Build.0 = Release|x64
		{C68539F7-0225-4F97-81F9-4722B5C34899}.Ad-Hoc|x86.ActiveCfg = Release|x86
		{C68539F7-0225-4F97-81F9-4722B5C34899}.Ad-Hoc|x86.Build.0 = Release|x86
		{C68539F7-0225-4F97-81F9-4722B5C34899}.AppStore|Any CPU.ActiveCfg = Release|Any CPU
		{C68539F7-0225-4F97-81F9-4722B5C34899}.AppStore|Any CPU.Build.0 = Release|Any CPU
		{C68539F7-0225-4F97-81F9-4722B5C34899}.AppStore|ARM.ActiveCfg = Release|ARM
		{C68539F7-0225-4F97-81F9-4722B5C34899}.AppStore|ARM.Build.0 = Release|ARM
		{C68539F7-0225-4F97-81F9-4722B5C34899}.AppStore|iPhone.ActiveCfg = Release|Any CPU
		{C68539F7-0225-4F97-81F9-4722B5C34899}.AppStore|iPhone.Build.0 = Release|Any CPU
		{C68539F7-0225-4F97-81F9-4722B5C34899}.AppStore|iPhoneSimulator.ActiveCfg = Release|Any CPU
		{C68539F7-0225-4F97-81F9-4722B5C34899}.AppStore|iPhoneSimulator.Build.0 = Release|Any CPU
		{C68539F7-0225-4F97-81F9-4722B5C34899}.AppStore|x64.ActiveCfg = Release|x64
		{C68539F7-0225-4F97-81F9-4722B5C34899}.AppStore|x64.Build.0 = Release|x64
		{C68539F7-0225-4F97-81F9-4722B5C34899}.AppStore|x86.ActiveCfg = Release|x86
		{C68539F7-0225-4F97-81F9-4722B5C34899}.AppStore|x86.Build.0 = Release|x86
		{C68539F7-0225-4F97-81F9-4722B5C34899}.Debug|Any CPU.ActiveCfg = Debug|Any CPU
		{C68539F7-0225-4F97-81F9-4722B5C34899}.Debug|Any CPU.Build.0 = Debug|Any CPU
		{C68539F7-0225-4F97-81F9-4722B5C34899}.Debug|ARM.ActiveCfg = Debug|ARM
		{C68539F7-0225-4F97-81F9-4722B5C34899}.Debug|ARM.Build.0 = Debug|ARM
		{C68539F7-0225-4F97-81F9-4722B5C34899}.Debug|iPhone.ActiveCfg = Debug|Any CPU
		{C68539F7-0225-4F97-81F9-4722B5C34899}.Debug|iPhone.Build.0 = Debug|Any CPU
		{C68539F7-0225-4F97-81F9-4722B5C34899}.Debug|iPhoneSimulator.ActiveCfg = Debug|Any CPU
		{C68539F7-0225-4F97-81F9-4722B5C34899}.Debug|iPhoneSimulator.Build.0 = Debug|Any CPU
		{C68539F7-0225-4F97-81F9-4722B5C34899}.Debug|x64.ActiveCfg = Debug|x64
		{C68539F7-0225-4F97-81F9-4722B5C34899}.Debug|x64.Build.0 = Debug|x64
		{C68539F7-0225-4F97-81F9-4722B5C34899}.Debug|x86.ActiveCfg = Debug|x86
		{C68539F7-0225-4F97-81F9-4722B5C34899}.Debug|x86.Build.0 = Debug|x86
		{C68539F7-0225-4F97-81F9-4722B5C34899}.Release|Any CPU.ActiveCfg = Release|Any CPU
		{C68539F7-0225-4F97-81F9-4722B5C34899}.Release|Any CPU.Build.0 = Release|Any CPU
		{C68539F7-0225-4F97-81F9-4722B5C34899}.Release|ARM.ActiveCfg = Release|ARM
		{C68539F7-0225-4F97-81F9-4722B5C34899}.Release|ARM.Build.0 = Release|ARM
		{C68539F7-0225-4F97-81F9-4722B5C34899}.Release|iPhone.ActiveCfg = Release|Any CPU
		{C68539F7-0225-4F97-81F9-4722B5C34899}.Release|iPhone.Build.0 = Release|Any CPU
		{C68539F7-0225-4F97-81F9-4722B5C34899}.Release|iPhoneSimulator.ActiveCfg = Release|Any CPU
		{C68539F7-0225-4F97-81F9-4722B5C34899}.Release|iPhoneSimulator.Build.0 = Release|Any CPU
		{C68539F7-0225-4F97-81F9-4722B5C34899}.Release|x64.ActiveCfg = Release|x64
		{C68539F7-0225-4F97-81F9-4722B5C34899}.Release|x64.Build.0 = Release|x64
		{C68539F7-0225-4F97-81F9-4722B5C34899}.Release|x86.ActiveCfg = Release|x86
		{C68539F7-0225-4F97-81F9-4722B5C34899}.Release|x86.Build.0 = Release|x86
		{7AB02001-54FB-4177-9C45-E3D366D51644}.Ad-Hoc|Any CPU.ActiveCfg = Release|Any CPU
		{7AB02001-54FB-4177-9C45-E3D366D51644}.Ad-Hoc|Any CPU.Build.0 = Release|Any CPU
		{7AB02001-54FB-4177-9C45-E3D366D51644}.Ad-Hoc|ARM.ActiveCfg = Release|Any CPU
		{7AB02001-54FB-4177-9C45-E3D366D51644}.Ad-Hoc|ARM.Build.0 = Release|Any CPU
		{7AB02001-54FB-4177-9C45-E3D366D51644}.Ad-Hoc|iPhone.ActiveCfg = Release|Any CPU
		{7AB02001-54FB-4177-9C45-E3D366D51644}.Ad-Hoc|iPhone.Build.0 = Release|Any CPU
		{7AB02001-54FB-4177-9C45-E3D366D51644}.Ad-Hoc|iPhoneSimulator.ActiveCfg = Release|Any CPU
		{7AB02001-54FB-4177-9C45-E3D366D51644}.Ad-Hoc|iPhoneSimulator.Build.0 = Release|Any CPU
		{7AB02001-54FB-4177-9C45-E3D366D51644}.Ad-Hoc|x64.ActiveCfg = Release|Any CPU
		{7AB02001-54FB-4177-9C45-E3D366D51644}.Ad-Hoc|x64.Build.0 = Release|Any CPU
		{7AB02001-54FB-4177-9C45-E3D366D51644}.Ad-Hoc|x86.ActiveCfg = Release|Any CPU
		{7AB02001-54FB-4177-9C45-E3D366D51644}.Ad-Hoc|x86.Build.0 = Release|Any CPU
		{7AB02001-54FB-4177-9C45-E3D366D51644}.AppStore|Any CPU.ActiveCfg = Release|Any CPU
		{7AB02001-54FB-4177-9C45-E3D366D51644}.AppStore|Any CPU.Build.0 = Release|Any CPU
		{7AB02001-54FB-4177-9C45-E3D366D51644}.AppStore|ARM.ActiveCfg = Release|Any CPU
		{7AB02001-54FB-4177-9C45-E3D366D51644}.AppStore|ARM.Build.0 = Release|Any CPU
		{7AB02001-54FB-4177-9C45-E3D366D51644}.AppStore|iPhone.ActiveCfg = Release|Any CPU
		{7AB02001-54FB-4177-9C45-E3D366D51644}.AppStore|iPhone.Build.0 = Release|Any CPU
		{7AB02001-54FB-4177-9C45-E3D366D51644}.AppStore|iPhoneSimulator.ActiveCfg = Release|Any CPU
		{7AB02001-54FB-4177-9C45-E3D366D51644}.AppStore|iPhoneSimulator.Build.0 = Release|Any CPU
		{7AB02001-54FB-4177-9C45-E3D366D51644}.AppStore|x64.ActiveCfg = Release|Any CPU
		{7AB02001-54FB-4177-9C45-E3D366D51644}.AppStore|x64.Build.0 = Release|Any CPU
		{7AB02001-54FB-4177-9C45-E3D366D51644}.AppStore|x86.ActiveCfg = Release|Any CPU
		{7AB02001-54FB-4177-9C45-E3D366D51644}.AppStore|x86.Build.0 = Release|Any CPU
		{7AB02001-54FB-4177-9C45-E3D366D51644}.Debug|Any CPU.ActiveCfg = Debug|Any CPU
		{7AB02001-54FB-4177-9C45-E3D366D51644}.Debug|Any CPU.Build.0 = Debug|Any CPU
		{7AB02001-54FB-4177-9C45-E3D366D51644}.Debug|ARM.ActiveCfg = Debug|Any CPU
		{7AB02001-54FB-4177-9C45-E3D366D51644}.Debug|ARM.Build.0 = Debug|Any CPU
		{7AB02001-54FB-4177-9C45-E3D366D51644}.Debug|iPhone.ActiveCfg = Debug|Any CPU
		{7AB02001-54FB-4177-9C45-E3D366D51644}.Debug|iPhone.Build.0 = Debug|Any CPU
		{7AB02001-54FB-4177-9C45-E3D366D51644}.Debug|iPhoneSimulator.ActiveCfg = Debug|Any CPU
		{7AB02001-54FB-4177-9C45-E3D366D51644}.Debug|iPhoneSimulator.Build.0 = Debug|Any CPU
		{7AB02001-54FB-4177-9C45-E3D366D51644}.Debug|x64.ActiveCfg = Debug|Any CPU
		{7AB02001-54FB-4177-9C45-E3D366D51644}.Debug|x64.Build.0 = Debug|Any CPU
		{7AB02001-54FB-4177-9C45-E3D366D51644}.Debug|x86.ActiveCfg = Debug|Any CPU
		{7AB02001-54FB-4177-9C45-E3D366D51644}.Debug|x86.Build.0 = Debug|Any CPU
		{7AB02001-54FB-4177-9C45-E3D366D51644}.Release|Any CPU.ActiveCfg = Release|Any CPU
		{7AB02001-54FB-4177-9C45-E3D366D51644}.Release|Any CPU.Build.0 = Release|Any CPU
		{7AB02001-54FB-4177-9C45-E3D366D51644}.Release|ARM.ActiveCfg = Release|Any CPU
		{7AB02001-54FB-4177-9C45-E3D366D51644}.Release|ARM.Build.0 = Release|Any CPU
		{7AB02001-54FB-4177-9C45-E3D366D51644}.Release|iPhone.ActiveCfg = Release|Any CPU
		{7AB02001-54FB-4177-9C45-E3D366D51644}.Release|iPhone.Build.0 = Release|Any CPU
		{7AB02001-54FB-4177-9C45-E3D366D51644}.Release|iPhoneSimulator.ActiveCfg = Release|Any CPU
		{7AB02001-54FB-4177-9C45-E3D366D51644}.Release|iPhoneSimulator.Build.0 = Release|Any CPU
		{7AB02001-54FB-4177-9C45-E3D366D51644}.Release|x64.ActiveCfg = Release|Any CPU
		{7AB02001-54FB-4177-9C45-E3D366D51644}.Release|x64.Build.0 = Release|Any CPU
		{7AB02001-54FB-4177-9C45-E3D366D51644}.Release|x86.ActiveCfg = Release|Any CPU
		{7AB02001-54FB-4177-9C45-E3D366D51644}.Release|x86.Build.0 = Release|Any CPU
	EndGlobalSection
	GlobalSection(SolutionProperties) = preSolution
		HideSolutionNode = FALSE
	EndGlobalSection
	GlobalSection(NestedProjects) = preSolution
		{C2A0C2CC-875E-4105-A9B6-195908D2C963} = {F2DFB6AC-9594-4F6D-9C4B-1CD56312F7D8}
		{51174297-DB79-4D4A-8BF5-CB3839E95EF7} = {F2DFB6AC-9594-4F6D-9C4B-1CD56312F7D8}
		{480EA528-CED8-4657-AA54-7A280D04DAFE} = {F2DFB6AC-9594-4F6D-9C4B-1CD56312F7D8}
		{B85AABF8-9119-4BAF-868B-83F0F96EF815} = {D62E44DD-F110-4512-9A6B-8CC76F7A7687}
		{2A3556E1-3E26-49C9-8BE5-CFEB0E8EC28A} = {F2DFB6AC-9594-4F6D-9C4B-1CD56312F7D8}
		{C68539F7-0225-4F97-81F9-4722B5C34899} = {2A3556E1-3E26-49C9-8BE5-CFEB0E8EC28A}
		{7AB02001-54FB-4177-9C45-E3D366D51644} = {2A3556E1-3E26-49C9-8BE5-CFEB0E8EC28A}
	EndGlobalSection
EndGlobal
